
Microsoft Visual Studio Solution File, Format Version 12.00
# Visual Studio Version 17
VisualStudioVersion = 17.5.33502.453
MinimumVisualStudioVersion = 10.0.40219.1
Project("{9A19103F-16F7-4668-BE54-9A1E7A4F7556}") = "OpenPositionsApp", "OpenPositionsApp\OpenPositionsApp.csproj", "{A37997CD-8FF9-40F0-BDA9-9994DDE07A3E}"
EndProject
Project("{FAE04EC0-301F-11D3-BF4B-00C04F79EFBC}") = "TestOpenpositions", "TestOpenpositions\TestOpenpositions.csproj", "{3FFFE30C-5228-46D0-BA50-EDB28B362D9A}"
EndProject
Global
	GlobalSection(SolutionConfigurationPlatforms) = preSolution
		Debug|Any CPU = Debug|Any CPU
		Release|Any CPU = Release|Any CPU
	EndGlobalSection
	GlobalSection(ProjectConfigurationPlatforms) = postSolution
		{A37997CD-8FF9-40F0-BDA9-9994DDE07A3E}.Debug|Any CPU.ActiveCfg = Debug|Any CPU
		{A37997CD-8FF9-40F0-BDA9-9994DDE07A3E}.Debug|Any CPU.Build.0 = Debug|Any CPU
		{A37997CD-8FF9-40F0-BDA9-9994DDE07A3E}.Release|Any CPU.ActiveCfg = Release|Any CPU
		{A37997CD-8FF9-40F0-BDA9-9994DDE07A3E}.Release|Any CPU.Build.0 = Release|Any CPU
		{3FFFE30C-5228-46D0-BA50-EDB28B362D9A}.Debug|Any CPU.ActiveCfg = Debug|Any CPU
		{3FFFE30C-5228-46D0-BA50-EDB28B362D9A}.Debug|Any CPU.Build.0 = Debug|Any CPU
		{3FFFE30C-5228-46D0-BA50-EDB28B362D9A}.Release|Any CPU.ActiveCfg = Release|Any CPU
		{3FFFE30C-5228-46D0-BA50-EDB28B362D9A}.Release|Any CPU.Build.0 = Release|Any CPU
	EndGlobalSection
	GlobalSection(SolutionProperties) = preSolution
		HideSolutionNode = FALSE
	EndGlobalSection
	GlobalSection(ExtensibilityGlobals) = postSolution
		SolutionGuid = {3C80DF14-866B-476E-ABE1-4391A33D2E65}
	EndGlobalSection
EndGlobal
